{
  "name": "birkenborg-dev",
  "lockfileVersion": 3,
  "requires": true,
  "packages": {
    "": {
      "devDependencies": {
        "@cloudflare/workers-types": "^4.20260506.1"
      }
    },
    "node_modules/@cloudflare/workers-types": {
      "version": "4.20260506.1",
      "resolved": "https://registry.npmjs.org/@cloudflare/workers-types/-/workers-types-4.20260506.1.tgz",
      "integrity": "sha512-IKv/C08utEbAqEu2zr0/3CMf1MbYrl7x0Z1UsrnMs4xxfIN81vtGTRduCZb7xJQpaICQPe0Sa6fhHlZmUXrMjw==",
      "dev": true,
      "license": "MIT OR Apache-2.0"
    }
  }
}
